
Microsoft Visual Studio Solution File, Format Version 12.00
# Visual Studio Version 16
VisualStudioVersion = 16.0.30002.166
MinimumVisualStudioVersion = 10.0.40219.1
Project("{9A19103F-16F7-4668-BE54-9A1E7A4F7556}") = "MovieShop.Domain", "MovieShop.Domain\MovieShop.Domain.csproj", "{6A997CB8-70F4-49EC-A693-19E932A16C37}"
EndProject
Project("{9A19103F-16F7-4668-BE54-9A1E7A4F7556}") = "MovieShop.Application", "MovieShop.Application\MovieShop.Application.csproj", "{FCF93D13-828B-43C9-91C0-7B0B5C455858}"
EndProject
Project("{9A19103F-16F7-4668-BE54-9A1E7A4F7556}") = "MovieShop.Implementation", "MovieShop.Implementation\MovieShop.Implementation.csproj", "{397B8F6E-31A2-4E3C-8514-4CC41E6417D0}"
EndProject
Project("{9A19103F-16F7-4668-BE54-9A1E7A4F7556}") = "EfDataAccess", "EfDataAccess\EfDataAccess.csproj", "{542D3917-BEAD-4418-81C2-96EDE9B5E600}"
EndProject
Project("{FAE04EC0-301F-11D3-BF4B-00C04F79EFBC}") = "MovieShop.Api", "MovieShop.Api\MovieShop.Api.csproj", "{D93E0ED6-9500-4A65-A08E-6C5F1159870A}"
EndProject
Global
	GlobalSection(SolutionConfigurationPlatforms) = preSolution
		Debug|Any CPU = Debug|Any CPU
		Release|Any CPU = Release|Any CPU
	EndGlobalSection
	GlobalSection(ProjectConfigurationPlatforms) = postSolution
		{6A997CB8-70F4-49EC-A693-19E932A16C37}.Debug|Any CPU.ActiveCfg = Debug|Any CPU
		{6A997CB8-70F4-49EC-A693-19E932A16C37}.Debug|Any CPU.Build.0 = Debug|Any CPU
		{6A997CB8-70F4-49EC-A693-19E932A16C37}.Release|Any CPU.ActiveCfg = Release|Any CPU
		{6A997CB8-70F4-49EC-A693-19E932A16C37}.Release|Any CPU.Build.0 = Release|Any CPU
		{FCF93D13-828B-43C9-91C0-7B0B5C455858}.Debug|Any CPU.ActiveCfg = Debug|Any CPU
		{FCF93D13-828B-43C9-91C0-7B0B5C455858}.Debug|Any CPU.Build.0 = Debug|Any CPU
		{FCF93D13-828B-43C9-91C0-7B0B5C455858}.Release|Any CPU.ActiveCfg = Release|Any CPU
		{FCF93D13-828B-43C9-91C0-7B0B5C455858}.Release|Any CPU.Build.0 = Release|Any CPU
		{397B8F6E-31A2-4E3C-8514-4CC41E6417D0}.Debug|Any CPU.ActiveCfg = Debug|Any CPU
		{397B8F6E-31A2-4E3C-8514-4CC41E6417D0}.Debug|Any CPU.Build.0 = Debug|Any CPU
		{397B8F6E-31A2-4E3C-8514-4CC41E6417D0}.Release|Any CPU.ActiveCfg = Release|Any CPU
		{397B8F6E-31A2-4E3C-8514-4CC41E6417D0}.Release|Any CPU.Build.0 = Release|Any CPU
		{542D3917-BEAD-4418-81C2-96EDE9B5E600}.Debug|Any CPU.ActiveCfg = Debug|Any CPU
		{542D3917-BEAD-4418-81C2-96EDE9B5E600}.Debug|Any CPU.Build.0 = Debug|Any CPU
		{542D3917-BEAD-4418-81C2-96EDE9B5E600}.Release|Any CPU.ActiveCfg = Release|Any CPU
		{542D3917-BEAD-4418-81C2-96EDE9B5E600}.Release|Any CPU.Build.0 = Release|Any CPU
		{D93E0ED6-9500-4A65-A08E-6C5F1159870A}.Debug|Any CPU.ActiveCfg = Debug|Any CPU
		{D93E0ED6-9500-4A65-A08E-6C5F1159870A}.Debug|Any CPU.Build.0 = Debug|Any CPU
		{D93E0ED6-9500-4A65-A08E-6C5F1159870A}.Release|Any CPU.ActiveCfg = Release|Any CPU
		{D93E0ED6-9500-4A65-A08E-6C5F1159870A}.Release|Any CPU.Build.0 = Release|Any CPU
	EndGlobalSection
	GlobalSection(SolutionProperties) = preSolution
		HideSolutionNode = FALSE
	EndGlobalSection
	GlobalSection(ExtensibilityGlobals) = postSolution
		SolutionGuid = {3A85A7BA-8B9E-42C1-A7A6-5671ED1B5BCB}
	EndGlobalSection
EndGlobal
